
Microsoft Visual Studio Solution File, Format Version 12.00
# Visual Studio Version 16
VisualStudioVersion = 16.0.31702.278
MinimumVisualStudioVersion = 10.0.40219.1
Project("{FAE04EC0-301F-11D3-BF4B-00C04F79EFBC}") = "14 Pamoka task 7 FUUUUN", "14 Pamoka task 7 FUUUUN.csproj", "{0CAB626A-D68E-4412-92A7-F6110830895C}"
EndProject
Global
	GlobalSection(SolutionConfigurationPlatforms) = preSolution
		Debug|Any CPU = Debug|Any CPU
		Release|Any CPU = Release|Any CPU
	EndGlobalSection
	GlobalSection(ProjectConfigurationPlatforms) = postSolution
		{0CAB626A-D68E-4412-92A7-F6110830895C}.Debug|Any CPU.ActiveCfg = Debug|Any CPU
		{0CAB626A-D68E-4412-92A7-F6110830895C}.Debug|Any CPU.Build.0 = Debug|Any CPU
		{0CAB626A-D68E-4412-92A7-F6110830895C}.Release|Any CPU.ActiveCfg = Release|Any CPU
		{0CAB626A-D68E-4412-92A7-F6110830895C}.Release|Any CPU.Build.0 = Release|Any CPU
	EndGlobalSection
	GlobalSection(SolutionProperties) = preSolution
		HideSolutionNode = FALSE
	EndGlobalSection
	GlobalSection(ExtensibilityGlobals) = postSolution
		SolutionGuid = {B5C4078F-F9C3-4CED-A8BC-5C209E32B431}
	EndGlobalSection
EndGlobal
